
Microsoft Visual Studio Solution File, Format Version 12.00
# Visual Studio Express 2013 for Web
VisualStudioVersion = 12.0.30110.0
MinimumVisualStudioVersion = 10.0.40219.1
Project("{2150E333-8FDC-42A3-9474-1A3956D46DE8}") = "Tests", "Tests", "{B4E34D9B-525F-4424-AF05-51075185689A}"
EndProject
Project("{2150E333-8FDC-42A3-9474-1A3956D46DE8}") = "Source", "Source", "{E4A6F946-11A6-46C0-886D-EABC2D2303FA}"
EndProject
Project("{FAE04EC0-301F-11D3-BF4B-00C04F79EFBC}") = "eClock.Web", "source\eClock.Web\eClock.Web.csproj", "{9A4ED667-68B3-4E1A-B918-47C2D6BE8C4C}"
EndProject
Project("{FAE04EC0-301F-11D3-BF4B-00C04F79EFBC}") = "eClock.Web.Tests", "tests\eClock.Web.Tests\eClock.Web.Tests.csproj", "{0645B3A9-33BD-4628-B6C4-8C2A0EC623FB}"
EndProject
Global
	GlobalSection(SolutionConfigurationPlatforms) = preSolution
		Debug|Any CPU = Debug|Any CPU
		Release|Any CPU = Release|Any CPU
	EndGlobalSection
	GlobalSection(ProjectConfigurationPlatforms) = postSolution
		{9A4ED667-68B3-4E1A-B918-47C2D6BE8C4C}.Debug|Any CPU.ActiveCfg = Debug|Any CPU
		{9A4ED667-68B3-4E1A-B918-47C2D6BE8C4C}.Debug|Any CPU.Build.0 = Debug|Any CPU
		{9A4ED667-68B3-4E1A-B918-47C2D6BE8C4C}.Release|Any CPU.ActiveCfg = Release|Any CPU
		{9A4ED667-68B3-4E1A-B918-47C2D6BE8C4C}.Release|Any CPU.Build.0 = Release|Any CPU
		{0645B3A9-33BD-4628-B6C4-8C2A0EC623FB}.Debug|Any CPU.ActiveCfg = Debug|Any CPU
		{0645B3A9-33BD-4628-B6C4-8C2A0EC623FB}.Debug|Any CPU.Build.0 = Debug|Any CPU
		{0645B3A9-33BD-4628-B6C4-8C2A0EC623FB}.Release|Any CPU.ActiveCfg = Release|Any CPU
		{0645B3A9-33BD-4628-B6C4-8C2A0EC623FB}.Release|Any CPU.Build.0 = Release|Any CPU
	EndGlobalSection
	GlobalSection(SolutionProperties) = preSolution
		HideSolutionNode = FALSE
	EndGlobalSection
	GlobalSection(NestedProjects) = preSolution
		{0645B3A9-33BD-4628-B6C4-8C2A0EC623FB} = {B4E34D9B-525F-4424-AF05-51075185689A}
		{9A4ED667-68B3-4E1A-B918-47C2D6BE8C4C} = {E4A6F946-11A6-46C0-886D-EABC2D2303FA}
	EndGlobalSection
EndGlobal
